// !$*UTF8*$!
{
	archiveVersion = 1;
	classes = {
	};
	objectVersion = 46;
	objects = {

/* Begin PBXBuildFile section */
		FC00DC3E1D1A077B0096F4CD /* PhotoViewController.swift in Sources */ = {isa = PBXBuildFile; fileRef = FC00DC3D1D1A077B0096F4CD /* PhotoViewController.swift */; };
		FC052F531D2EA1F5003DCD19 /* NewPhoto.swift in Sources */ = {isa = PBXBuildFile; fileRef = FC052F521D2EA1F5003DCD19 /* NewPhoto.swift */; };
		FC0756D21DCD61D20011B9B6 /* RecordViewController.swift in Sources */ = {isa = PBXBuildFile; fileRef = FC0756D11DCD61D20011B9B6 /* RecordViewController.swift */; };
		FC0EC1B51DD2B4420050BDF1 /* NotebookViewController.swift in Sources */ = {isa = PBXBuildFile; fileRef = FC0EC1B41DD2B4420050BDF1 /* NotebookViewController.swift */; };
		FC0EC1B71DD2C2E70050BDF1 /* LogoutSegue.swift in Sources */ = {isa = PBXBuildFile; fileRef = FC0EC1B61DD2C2E70050BDF1 /* LogoutSegue.swift */; };
		FC306E921DD282F300DCC02A /* PickerTableViewCell.swift in Sources */ = {isa = PBXBuildFile; fileRef = FC306E911DD282F300DCC02A /* PickerTableViewCell.swift */; };
		FC306E941DD2A6A200DCC02A /* StartScreenViewController.swift in Sources */ = {isa = PBXBuildFile; fileRef = FC306E931DD2A6A200DCC02A /* StartScreenViewController.swift */; };
		FC32D8E11DD66B40000EDAD6 /* CornerpointClientProtocol.swift in Sources */ = {isa = PBXBuildFile; fileRef = FC32D8DD1DD66B40000EDAD6 /* CornerpointClientProtocol.swift */; };
		FC32D8E21DD66B40000EDAD6 /* CornerpointView.swift in Sources */ = {isa = PBXBuildFile; fileRef = FC32D8DE1DD66B40000EDAD6 /* CornerpointView.swift */; };
		FC32D8E31DD66B40000EDAD6 /* CroppableImageView.swift in Sources */ = {isa = PBXBuildFile; fileRef = FC32D8DF1DD66B40000EDAD6 /* CroppableImageView.swift */; };
		FC32D8E41DD66B40000EDAD6 /* CroppableImageViewDelegateProtocol.swift in Sources */ = {isa = PBXBuildFile; fileRef = FC32D8E01DD66B40000EDAD6 /* CroppableImageViewDelegateProtocol.swift */; };
		FC32D8E61DD66B52000EDAD6 /* Utils.swift in Sources */ = {isa = PBXBuildFile; fileRef = FC32D8E51DD66B52000EDAD6 /* Utils.swift */; };
		FC4E22231D21B93F00A57ED6 /* Media.swift in Sources */ = {isa = PBXBuildFile; fileRef = FC4E22221D21B93F00A57ED6 /* Media.swift */; };
		FC50B37E1DD52EA5009B8EBE /* Reachability.swift in Sources */ = {isa = PBXBuildFile; fileRef = FC50B37D1DD52EA5009B8EBE /* Reachability.swift */; };
		FC50B3801DD557CD009B8EBE /* NetworkTests.swift in Sources */ = {isa = PBXBuildFile; fileRef = FC50B37F1DD557CD009B8EBE /* NetworkTests.swift */; };
		FC53E2FE1DCBD86F00AD9B92 /* UserVarSaveFile.swift in Sources */ = {isa = PBXBuildFile; fileRef = FC53E2FD1DCBD86F00AD9B92 /* UserVarSaveFile.swift */; };
		FC546EAA1D26C95200E62B6C /* UploadData.swift in Sources */ = {isa = PBXBuildFile; fileRef = FC546EA91D26C95200E62B6C /* UploadData.swift */; };
		FC5DFFE51D22EB2D00C31A31 /* AZSClient.framework in Frameworks */ = {isa = PBXBuildFile; fileRef = FC5DFFE41D22EB2D00C31A31 /* AZSClient.framework */; };
		FC5DFFE71D22EBB100C31A31 /* libxml2.2.tbd in Frameworks */ = {isa = PBXBuildFile; fileRef = FC5DFFE61D22EBB100C31A31 /* libxml2.2.tbd */; };
		FC6930151D74F2E6001407A0 /* ListPickerViewController.swift in Sources */ = {isa = PBXBuildFile; fileRef = FC6930141D74F2E6001407A0 /* ListPickerViewController.swift */; };
		FC7DFCC61DDFAA7000437B61 /* SettingsViewController.swift in Sources */ = {isa = PBXBuildFile; fileRef = FC7DFCC51DDFAA7000437B61 /* SettingsViewController.swift */; };
		FC7DFCC81DDFD4B800437B61 /* DefaultPreferences.plist in Resources */ = {isa = PBXBuildFile; fileRef = FC7DFCC71DDFD4B800437B61 /* DefaultPreferences.plist */; };
		FC8244DD1D1998200048C3A7 /* RecordTableViewCell.swift in Sources */ = {isa = PBXBuildFile; fileRef = FC8244DC1D1998200048C3A7 /* RecordTableViewCell.swift */; };
		FC8244E11D199D290048C3A7 /* RecordTableViewController.xib in Resources */ = {isa = PBXBuildFile; fileRef = FC8244DF1D199D290048C3A7 /* RecordTableViewController.xib */; };
		FC84B3A61D18EFE800251003 /* AppDelegate.swift in Sources */ = {isa = PBXBuildFile; fileRef = FC84B3A51D18EFE800251003 /* AppDelegate.swift */; };
		FC84B3A81D18EFE800251003 /* MeasViewController.swift in Sources */ = {isa = PBXBuildFile; fileRef = FC84B3A71D18EFE800251003 /* MeasViewController.swift */; };
		FC84B3AB1D18EFE800251003 /* Main.storyboard in Resources */ = {isa = PBXBuildFile; fileRef = FC84B3A91D18EFE800251003 /* Main.storyboard */; };
		FC84B3AD1D18EFE800251003 /* Assets.xcassets in Resources */ = {isa = PBXBuildFile; fileRef = FC84B3AC1D18EFE800251003 /* Assets.xcassets */; };
		FC84B3B01D18EFE800251003 /* LaunchScreen.storyboard in Resources */ = {isa = PBXBuildFile; fileRef = FC84B3AE1D18EFE800251003 /* LaunchScreen.storyboard */; };
		FC84B3BB1D18EFE800251003 /* EcoMapperTests.swift in Sources */ = {isa = PBXBuildFile; fileRef = FC84B3BA1D18EFE800251003 /* EcoMapperTests.swift */; };
		FC84B3C61D1919D400251003 /* Record.swift in Sources */ = {isa = PBXBuildFile; fileRef = FC84B3C51D1919D400251003 /* Record.swift */; };
		FCA943431D23123F00C5C24D /* AssetsLibrary.framework in Frameworks */ = {isa = PBXBuildFile; fileRef = FCA943421D23123F00C5C24D /* AssetsLibrary.framework */; };
		FCCE99321D1A23C300A675BE /* NoteViewController.swift in Sources */ = {isa = PBXBuildFile; fileRef = FCCE99311D1A23C300A675BE /* NoteViewController.swift */; };
		FCEBA2581D24E6AE00AB6A9F /* LoginViewController.swift in Sources */ = {isa = PBXBuildFile; fileRef = FCEBA2571D24E6AE00AB6A9F /* LoginViewController.swift */; };
		FCEBA25A1D258F1700AB6A9F /* UserVars.swift in Sources */ = {isa = PBXBuildFile; fileRef = FCEBA2591D258F1700AB6A9F /* UserVars.swift */; };
		FCEBA25C1D2597EE00AB6A9F /* LoginInfo.swift in Sources */ = {isa = PBXBuildFile; fileRef = FCEBA25B1D2597EE00AB6A9F /* LoginInfo.swift */; };
		FCEE49871DD6719000AECED7 /* CropImageViewController.swift in Sources */ = {isa = PBXBuildFile; fileRef = FCEE49861DD6719000AECED7 /* CropImageViewController.swift */; };
/* End PBXBuildFile section */

/* Begin PBXContainerItemProxy section */
		FC84B3B71D18EFE800251003 /* PBXContainerItemProxy */ = {
			isa = PBXContainerItemProxy;
			containerPortal = FC84B39A1D18EFE800251003 /* Project object */;
			proxyType = 1;
			remoteGlobalIDString = FC84B3A11D18EFE800251003;
			remoteInfo = EcoMapper;
		};
/* End PBXContainerItemProxy section */

/* Begin PBXFileReference section */
		FC00DC3D1D1A077B0096F4CD /* PhotoViewController.swift */ = {isa = PBXFileReference; fileEncoding = 4; lastKnownFileType = sourcecode.swift; path = PhotoViewController.swift; sourceTree = "<group>"; };
		FC052F521D2EA1F5003DCD19 /* NewPhoto.swift */ = {isa = PBXFileReference; fileEncoding = 4; lastKnownFileType = sourcecode.swift; path = NewPhoto.swift; sourceTree = "<group>"; };
		FC0756D11DCD61D20011B9B6 /* RecordViewController.swift */ = {isa = PBXFileReference; fileEncoding = 4; lastKnownFileType = sourcecode.swift; path = RecordViewController.swift; sourceTree = "<group>"; };
		FC0EC1B41DD2B4420050BDF1 /* NotebookViewController.swift */ = {isa = PBXFileReference; fileEncoding = 4; lastKnownFileType = sourcecode.swift; path = NotebookViewController.swift; sourceTree = "<group>"; };
		FC0EC1B61DD2C2E70050BDF1 /* LogoutSegue.swift */ = {isa = PBXFileReference; fileEncoding = 4; lastKnownFileType = sourcecode.swift; path = LogoutSegue.swift; sourceTree = "<group>"; };
		FC306E911DD282F300DCC02A /* PickerTableViewCell.swift */ = {isa = PBXFileReference; fileEncoding = 4; lastKnownFileType = sourcecode.swift; path = PickerTableViewCell.swift; sourceTree = "<group>"; };
		FC306E931DD2A6A200DCC02A /* StartScreenViewController.swift */ = {isa = PBXFileReference; fileEncoding = 4; lastKnownFileType = sourcecode.swift; path = StartScreenViewController.swift; sourceTree = "<group>"; };
		FC32D8DD1DD66B40000EDAD6 /* CornerpointClientProtocol.swift */ = {isa = PBXFileReference; fileEncoding = 4; lastKnownFileType = sourcecode.swift; name = CornerpointClientProtocol.swift; path = "../../CropImg-master/CropImg/CornerpointClientProtocol.swift"; sourceTree = "<group>"; };
		FC32D8DE1DD66B40000EDAD6 /* CornerpointView.swift */ = {isa = PBXFileReference; fileEncoding = 4; lastKnownFileType = sourcecode.swift; name = CornerpointView.swift; path = "../../CropImg-master/CropImg/CornerpointView.swift"; sourceTree = "<group>"; };
		FC32D8DF1DD66B40000EDAD6 /* CroppableImageView.swift */ = {isa = PBXFileReference; fileEncoding = 4; lastKnownFileType = sourcecode.swift; name = CroppableImageView.swift; path = "../../CropImg-master/CropImg/CroppableImageView.swift"; sourceTree = "<group>"; };
		FC32D8E01DD66B40000EDAD6 /* CroppableImageViewDelegateProtocol.swift */ = {isa = PBXFileReference; fileEncoding = 4; lastKnownFileType = sourcecode.swift; name = CroppableImageViewDelegateProtocol.swift; path = "../../CropImg-master/CropImg/CroppableImageViewDelegateProtocol.swift"; sourceTree = "<group>"; };
		FC32D8E51DD66B52000EDAD6 /* Utils.swift */ = {isa = PBXFileReference; fileEncoding = 4; lastKnownFileType = sourcecode.swift; name = Utils.swift; path = "../../CropImg-master/CropImg/Utils.swift"; sourceTree = "<group>"; };
		FC4E22221D21B93F00A57ED6 /* Media.swift */ = {isa = PBXFileReference; fileEncoding = 4; lastKnownFileType = sourcecode.swift; path = Media.swift; sourceTree = "<group>"; };
		FC50B37D1DD52EA5009B8EBE /* Reachability.swift */ = {isa = PBXFileReference; fileEncoding = 4; lastKnownFileType = sourcecode.swift; path = Reachability.swift; sourceTree = "<group>"; };
		FC50B37F1DD557CD009B8EBE /* NetworkTests.swift */ = {isa = PBXFileReference; fileEncoding = 4; lastKnownFileType = sourcecode.swift; path = NetworkTests.swift; sourceTree = "<group>"; };
		FC53E2FD1DCBD86F00AD9B92 /* UserVarSaveFile.swift */ = {isa = PBXFileReference; fileEncoding = 4; lastKnownFileType = sourcecode.swift; path = UserVarSaveFile.swift; sourceTree = "<group>"; };
		FC546EA91D26C95200E62B6C /* UploadData.swift */ = {isa = PBXFileReference; fileEncoding = 4; lastKnownFileType = sourcecode.swift; path = UploadData.swift; sourceTree = "<group>"; };
		FC5DFFDA1D22E6CE00C31A31 /* EcoMapper-Bridging-Header.h */ = {isa = PBXFileReference; lastKnownFileType = sourcecode.c.h; path = "EcoMapper-Bridging-Header.h"; sourceTree = "<group>"; };
		FC5DFFE41D22EB2D00C31A31 /* AZSClient.framework */ = {isa = PBXFileReference; lastKnownFileType = wrapper.framework; name = AZSClient.framework; path = ../../../AZSClient.framework; sourceTree = "<group>"; };
		FC5DFFE61D22EBB100C31A31 /* libxml2.2.tbd */ = {isa = PBXFileReference; lastKnownFileType = "sourcecode.text-based-dylib-definition"; name = libxml2.2.tbd; path = usr/lib/libxml2.2.tbd; sourceTree = SDKROOT; };
		FC6930141D74F2E6001407A0 /* ListPickerViewController.swift */ = {isa = PBXFileReference; fileEncoding = 4; lastKnownFileType = sourcecode.swift; path = ListPickerViewController.swift; sourceTree = "<group>"; };
		FC7DFCC51DDFAA7000437B61 /* SettingsViewController.swift */ = {isa = PBXFileReference; fileEncoding = 4; lastKnownFileType = sourcecode.swift; path = SettingsViewController.swift; sourceTree = "<group>"; };
		FC7DFCC71DDFD4B800437B61 /* DefaultPreferences.plist */ = {isa = PBXFileReference; fileEncoding = 4; lastKnownFileType = text.plist.xml; path = DefaultPreferences.plist; sourceTree = "<group>"; };
		FC8244DC1D1998200048C3A7 /* RecordTableViewCell.swift */ = {isa = PBXFileReference; fileEncoding = 4; lastKnownFileType = sourcecode.swift; path = RecordTableViewCell.swift; sourceTree = "<group>"; };
		FC8244DF1D199D290048C3A7 /* RecordTableViewController.xib */ = {isa = PBXFileReference; fileEncoding = 4; lastKnownFileType = file.xib; path = RecordTableViewController.xib; sourceTree = "<group>"; };
		FC84B3A21D18EFE800251003 /* EcoMapper.app */ = {isa = PBXFileReference; explicitFileType = wrapper.application; includeInIndex = 0; path = EcoMapper.app; sourceTree = BUILT_PRODUCTS_DIR; };
		FC84B3A51D18EFE800251003 /* AppDelegate.swift */ = {isa = PBXFileReference; lastKnownFileType = sourcecode.swift; path = AppDelegate.swift; sourceTree = "<group>"; };
		FC84B3A71D18EFE800251003 /* MeasViewController.swift */ = {isa = PBXFileReference; lastKnownFileType = sourcecode.swift; path = MeasViewController.swift; sourceTree = "<group>"; };
		FC84B3AA1D18EFE800251003 /* Base */ = {isa = PBXFileReference; lastKnownFileType = file.storyboard; name = Base; path = Base.lproj/Main.storyboard; sourceTree = "<group>"; };
		FC84B3AC1D18EFE800251003 /* Assets.xcassets */ = {isa = PBXFileReference; lastKnownFileType = folder.assetcatalog; path = Assets.xcassets; sourceTree = "<group>"; };
		FC84B3AF1D18EFE800251003 /* Base */ = {isa = PBXFileReference; lastKnownFileType = file.storyboard; name = Base; path = Base.lproj/LaunchScreen.storyboard; sourceTree = "<group>"; };
		FC84B3B11D18EFE800251003 /* Info.plist */ = {isa = PBXFileReference; lastKnownFileType = text.plist.xml; path = Info.plist; sourceTree = "<group>"; };
		FC84B3B61D18EFE800251003 /* EcoMapperTests.xctest */ = {isa = PBXFileReference; explicitFileType = wrapper.cfbundle; includeInIndex = 0; path = EcoMapperTests.xctest; sourceTree = BUILT_PRODUCTS_DIR; };
		FC84B3BA1D18EFE800251003 /* EcoMapperTests.swift */ = {isa = PBXFileReference; lastKnownFileType = sourcecode.swift; path = EcoMapperTests.swift; sourceTree = "<group>"; };
		FC84B3BC1D18EFE800251003 /* Info.plist */ = {isa = PBXFileReference; lastKnownFileType = text.plist.xml; path = Info.plist; sourceTree = "<group>"; };
		FC84B3C51D1919D400251003 /* Record.swift */ = {isa = PBXFileReference; fileEncoding = 4; lastKnownFileType = sourcecode.swift; path = Record.swift; sourceTree = "<group>"; };
		FCA943421D23123F00C5C24D /* AssetsLibrary.framework */ = {isa = PBXFileReference; lastKnownFileType = wrapper.framework; name = AssetsLibrary.framework; path = System/Library/Frameworks/AssetsLibrary.framework; sourceTree = SDKROOT; };
		FCCE99311D1A23C300A675BE /* NoteViewController.swift */ = {isa = PBXFileReference; fileEncoding = 4; lastKnownFileType = sourcecode.swift; path = NoteViewController.swift; sourceTree = "<group>"; };
		FCEBA2571D24E6AE00AB6A9F /* LoginViewController.swift */ = {isa = PBXFileReference; fileEncoding = 4; lastKnownFileType = sourcecode.swift; path = LoginViewController.swift; sourceTree = "<group>"; };
		FCEBA2591D258F1700AB6A9F /* UserVars.swift */ = {isa = PBXFileReference; fileEncoding = 4; lastKnownFileType = sourcecode.swift; path = UserVars.swift; sourceTree = "<group>"; };
		FCEBA25B1D2597EE00AB6A9F /* LoginInfo.swift */ = {isa = PBXFileReference; fileEncoding = 4; lastKnownFileType = sourcecode.swift; path = LoginInfo.swift; sourceTree = "<group>"; };
		FCEE49861DD6719000AECED7 /* CropImageViewController.swift */ = {isa = PBXFileReference; fileEncoding = 4; lastKnownFileType = sourcecode.swift; path = CropImageViewController.swift; sourceTree = "<group>"; };
/* End PBXFileReference section */

/* Begin PBXFrameworksBuildPhase section */
		FC84B39F1D18EFE800251003 /* Frameworks */ = {
			isa = PBXFrameworksBuildPhase;
			buildActionMask = 2147483647;
			files = (
				FCA943431D23123F00C5C24D /* AssetsLibrary.framework in Frameworks */,
				FC5DFFE71D22EBB100C31A31 /* libxml2.2.tbd in Frameworks */,
				FC5DFFE51D22EB2D00C31A31 /* AZSClient.framework in Frameworks */,
			);
			runOnlyForDeploymentPostprocessing = 0;
		};
		FC84B3B31D18EFE800251003 /* Frameworks */ = {
			isa = PBXFrameworksBuildPhase;
			buildActionMask = 2147483647;
			files = (
			);
			runOnlyForDeploymentPostprocessing = 0;
		};
/* End PBXFrameworksBuildPhase section */

/* Begin PBXGroup section */
		FC84B3991D18EFE800251003 = {
			isa = PBXGroup;
			children = (
				FCA943421D23123F00C5C24D /* AssetsLibrary.framework */,
				FC5DFFE61D22EBB100C31A31 /* libxml2.2.tbd */,
				FC5DFFE41D22EB2D00C31A31 /* AZSClient.framework */,
				FC84B3A41D18EFE800251003 /* EcoMapper */,
				FC84B3B91D18EFE800251003 /* EcoMapperTests */,
				FC84B3A31D18EFE800251003 /* Products */,
			);
			sourceTree = "<group>";
		};
		FC84B3A31D18EFE800251003 /* Products */ = {
			isa = PBXGroup;
			children = (
				FC84B3A21D18EFE800251003 /* EcoMapper.app */,
				FC84B3B61D18EFE800251003 /* EcoMapperTests.xctest */,
			);
			name = Products;
			sourceTree = "<group>";
		};
		FC84B3A41D18EFE800251003 /* EcoMapper */ = {
			isa = PBXGroup;
			children = (
				FC84B3A51D18EFE800251003 /* AppDelegate.swift */,
				FC306E931DD2A6A200DCC02A /* StartScreenViewController.swift */,
				FCEBA2571D24E6AE00AB6A9F /* LoginViewController.swift */,
				FC0EC1B41DD2B4420050BDF1 /* NotebookViewController.swift */,
				FC7DFCC51DDFAA7000437B61 /* SettingsViewController.swift */,
				FC0756D11DCD61D20011B9B6 /* RecordViewController.swift */,
				FC84B3A71D18EFE800251003 /* MeasViewController.swift */,
				FCCE99311D1A23C300A675BE /* NoteViewController.swift */,
				FC00DC3D1D1A077B0096F4CD /* PhotoViewController.swift */,
				FCEE49861DD6719000AECED7 /* CropImageViewController.swift */,
				FC6930141D74F2E6001407A0 /* ListPickerViewController.swift */,
				FC84B3C51D1919D400251003 /* Record.swift */,
				FC4E22221D21B93F00A57ED6 /* Media.swift */,
				FC052F521D2EA1F5003DCD19 /* NewPhoto.swift */,
				FCEBA25B1D2597EE00AB6A9F /* LoginInfo.swift */,
				FCEBA2591D258F1700AB6A9F /* UserVars.swift */,
				FC53E2FD1DCBD86F00AD9B92 /* UserVarSaveFile.swift */,
				FC546EA91D26C95200E62B6C /* UploadData.swift */,
				FC50B37D1DD52EA5009B8EBE /* Reachability.swift */,
				FC8244DC1D1998200048C3A7 /* RecordTableViewCell.swift */,
				FC306E911DD282F300DCC02A /* PickerTableViewCell.swift */,
				FC84B3A91D18EFE800251003 /* Main.storyboard */,
				FC8244DF1D199D290048C3A7 /* RecordTableViewController.xib */,
				FC84B3AE1D18EFE800251003 /* LaunchScreen.storyboard */,
				FC5DFFDA1D22E6CE00C31A31 /* EcoMapper-Bridging-Header.h */,
				FC84B3B11D18EFE800251003 /* Info.plist */,
				FC84B3AC1D18EFE800251003 /* Assets.xcassets */,
				FC0EC1B61DD2C2E70050BDF1 /* LogoutSegue.swift */,
				FC50B37F1DD557CD009B8EBE /* NetworkTests.swift */,
				FC32D8E51DD66B52000EDAD6 /* Utils.swift */,
				FC32D8DD1DD66B40000EDAD6 /* CornerpointClientProtocol.swift */,
				FC32D8DE1DD66B40000EDAD6 /* CornerpointView.swift */,
				FC32D8DF1DD66B40000EDAD6 /* CroppableImageView.swift */,
				FC32D8E01DD66B40000EDAD6 /* CroppableImageViewDelegateProtocol.swift */,
				FC7DFCC71DDFD4B800437B61 /* DefaultPreferences.plist */,
			);
			path = EcoMapper;
			sourceTree = "<group>";
		};
		FC84B3B91D18EFE800251003 /* EcoMapperTests */ = {
			isa = PBXGroup;
			children = (
				FC84B3BA1D18EFE800251003 /* EcoMapperTests.swift */,
				FC84B3BC1D18EFE800251003 /* Info.plist */,
			);
			path = EcoMapperTests;
			sourceTree = "<group>";
		};
/* End PBXGroup section */

/* Begin PBXNativeTarget section */
		FC84B3A11D18EFE800251003 /* EcoMapper */ = {
			isa = PBXNativeTarget;
			buildConfigurationList = FC84B3BF1D18EFE800251003 /* Build configuration list for PBXNativeTarget "EcoMapper" */;
			buildPhases = (
				FC84B39E1D18EFE800251003 /* Sources */,
				FC84B39F1D18EFE800251003 /* Frameworks */,
				FC84B3A01D18EFE800251003 /* Resources */,
			);
			buildRules = (
			);
			dependencies = (
			);
			name = EcoMapper;
			productName = EcoMapper;
			productReference = FC84B3A21D18EFE800251003 /* EcoMapper.app */;
			productType = "com.apple.product-type.application";
		};
		FC84B3B51D18EFE800251003 /* EcoMapperTests */ = {
			isa = PBXNativeTarget;
			buildConfigurationList = FC84B3C21D18EFE800251003 /* Build configuration list for PBXNativeTarget "EcoMapperTests" */;
			buildPhases = (
				FC84B3B21D18EFE800251003 /* Sources */,
				FC84B3B31D18EFE800251003 /* Frameworks */,
				FC84B3B41D18EFE800251003 /* Resources */,
			);
			buildRules = (
			);
			dependencies = (
				FC84B3B81D18EFE800251003 /* PBXTargetDependency */,
			);
			name = EcoMapperTests;
			productName = EcoMapperTests;
			productReference = FC84B3B61D18EFE800251003 /* EcoMapperTests.xctest */;
			productType = "com.apple.product-type.bundle.unit-test";
		};
/* End PBXNativeTarget section */

/* Begin PBXProject section */
		FC84B39A1D18EFE800251003 /* Project object */ = {
			isa = PBXProject;
			attributes = {
				LastSwiftUpdateCheck = 0730;
				LastUpgradeCheck = 0800;
				ORGANIZATIONNAME = "Sege Industries";
				TargetAttributes = {
					FC84B3A11D18EFE800251003 = {
						CreatedOnToolsVersion = 7.3.1;
						DevelopmentTeam = N6RMATL4MH;
						LastSwiftMigration = 0800;
					};
					FC84B3B51D18EFE800251003 = {
						CreatedOnToolsVersion = 7.3.1;
						LastSwiftMigration = 0800;
						TestTargetID = FC84B3A11D18EFE800251003;
					};
				};
			};
			buildConfigurationList = FC84B39D1D18EFE800251003 /* Build configuration list for PBXProject "EcoMapper" */;
			compatibilityVersion = "Xcode 3.2";
			developmentRegion = English;
			hasScannedForEncodings = 0;
			knownRegions = (
				en,
				Base,
			);
			mainGroup = FC84B3991D18EFE800251003;
			productRefGroup = FC84B3A31D18EFE800251003 /* Products */;
			projectDirPath = "";
			projectRoot = "";
			targets = (
				FC84B3A11D18EFE800251003 /* EcoMapper */,
				FC84B3B51D18EFE800251003 /* EcoMapperTests */,
			);
		};
/* End PBXProject section */

/* Begin PBXResourcesBuildPhase section */
		FC84B3A01D18EFE800251003 /* Resources */ = {
			isa = PBXResourcesBuildPhase;
			buildActionMask = 2147483647;
			files = (
				FC8244E11D199D290048C3A7 /* RecordTableViewController.xib in Resources */,
				FC7DFCC81DDFD4B800437B61 /* DefaultPreferences.plist in Resources */,
				FC84B3B01D18EFE800251003 /* LaunchScreen.storyboard in Resources */,
				FC84B3AD1D18EFE800251003 /* Assets.xcassets in Resources */,
				FC84B3AB1D18EFE800251003 /* Main.storyboard in Resources */,
			);
			runOnlyForDeploymentPostprocessing = 0;
		};
		FC84B3B41D18EFE800251003 /* Resources */ = {
			isa = PBXResourcesBuildPhase;
			buildActionMask = 2147483647;
			files = (
			);
			runOnlyForDeploymentPostprocessing = 0;
		};
/* End PBXResourcesBuildPhase section */

/* Begin PBXSourcesBuildPhase section */
		FC84B39E1D18EFE800251003 /* Sources */ = {
			isa = PBXSourcesBuildPhase;
			buildActionMask = 2147483647;
			files = (
				FC50B3801DD557CD009B8EBE /* NetworkTests.swift in Sources */,
				FC32D8E31DD66B40000EDAD6 /* CroppableImageView.swift in Sources */,
				FC306E941DD2A6A200DCC02A /* StartScreenViewController.swift in Sources */,
				FCCE99321D1A23C300A675BE /* NoteViewController.swift in Sources */,
				FC84B3A81D18EFE800251003 /* MeasViewController.swift in Sources */,
				FC32D8E61DD66B52000EDAD6 /* Utils.swift in Sources */,
				FCEBA25A1D258F1700AB6A9F /* UserVars.swift in Sources */,
				FCEBA25C1D2597EE00AB6A9F /* LoginInfo.swift in Sources */,
				FC53E2FE1DCBD86F00AD9B92 /* UserVarSaveFile.swift in Sources */,
				FC6930151D74F2E6001407A0 /* ListPickerViewController.swift in Sources */,
				FC84B3A61D18EFE800251003 /* AppDelegate.swift in Sources */,
				FC8244DD1D1998200048C3A7 /* RecordTableViewCell.swift in Sources */,
				FC0EC1B51DD2B4420050BDF1 /* NotebookViewController.swift in Sources */,
				FCEE49871DD6719000AECED7 /* CropImageViewController.swift in Sources */,
				FC32D8E21DD66B40000EDAD6 /* CornerpointView.swift in Sources */,
				FC4E22231D21B93F00A57ED6 /* Media.swift in Sources */,
				FC32D8E11DD66B40000EDAD6 /* CornerpointClientProtocol.swift in Sources */,
				FC0756D21DCD61D20011B9B6 /* RecordViewController.swift in Sources */,
				FC546EAA1D26C95200E62B6C /* UploadData.swift in Sources */,
				FC84B3C61D1919D400251003 /* Record.swift in Sources */,
				FC32D8E41DD66B40000EDAD6 /* CroppableImageViewDelegateProtocol.swift in Sources */,
				FC50B37E1DD52EA5009B8EBE /* Reachability.swift in Sources */,
				FC306E921DD282F300DCC02A /* PickerTableViewCell.swift in Sources */,
				FC7DFCC61DDFAA7000437B61 /* SettingsViewController.swift in Sources */,
				FC052F531D2EA1F5003DCD19 /* NewPhoto.swift in Sources */,
				FCEBA2581D24E6AE00AB6A9F /* LoginViewController.swift in Sources */,
				FC00DC3E1D1A077B0096F4CD /* PhotoViewController.swift in Sources */,
				FC0EC1B71DD2C2E70050BDF1 /* LogoutSegue.swift in Sources */,
			);
			runOnlyForDeploymentPostprocessing = 0;
		};
		FC84B3B21D18EFE800251003 /* Sources */ = {
			isa = PBXSourcesBuildPhase;
			buildActionMask = 2147483647;
			files = (
				FC84B3BB1D18EFE800251003 /* EcoMapperTests.swift in Sources */,
			);
			runOnlyForDeploymentPostprocessing = 0;
		};
/* End PBXSourcesBuildPhase section */

/* Begin PBXTargetDependency section */
		FC84B3B81D18EFE800251003 /* PBXTargetDependency */ = {
			isa = PBXTargetDependency;
			target = FC84B3A11D18EFE800251003 /* EcoMapper */;
			targetProxy = FC84B3B71D18EFE800251003 /* PBXContainerItemProxy */;
		};
/* End PBXTargetDependency section */

/* Begin PBXVariantGroup section */
		FC84B3A91D18EFE800251003 /* Main.storyboard */ = {
			isa = PBXVariantGroup;
			children = (
				FC84B3AA1D18EFE800251003 /* Base */,
			);
			name = Main.storyboard;
			sourceTree = "<group>";
		};
		FC84B3AE1D18EFE800251003 /* LaunchScreen.storyboard */ = {
			isa = PBXVariantGroup;
			children = (
				FC84B3AF1D18EFE800251003 /* Base */,
			);
			name = LaunchScreen.storyboard;
			sourceTree = "<group>";
		};
/* End PBXVariantGroup section */

/* Begin XCBuildConfiguration section */
		FC84B3BD1D18EFE800251003 /* Debug */ = {
			isa = XCBuildConfiguration;
			buildSettings = {
				ALWAYS_SEARCH_USER_PATHS = NO;
				CLANG_ANALYZER_NONNULL = YES;
				CLANG_CXX_LANGUAGE_STANDARD = "gnu++0x";
				CLANG_CXX_LIBRARY = "libc++";
				CLANG_ENABLE_MODULES = YES;
				CLANG_ENABLE_OBJC_ARC = YES;
				CLANG_WARN_BOOL_CONVERSION = YES;
				CLANG_WARN_CONSTANT_CONVERSION = YES;
				CLANG_WARN_DIRECT_OBJC_ISA_USAGE = YES_ERROR;
				CLANG_WARN_EMPTY_BODY = YES;
				CLANG_WARN_ENUM_CONVERSION = YES;
				CLANG_WARN_INFINITE_RECURSION = YES;
				CLANG_WARN_INT_CONVERSION = YES;
				CLANG_WARN_OBJC_ROOT_CLASS = YES_ERROR;
				CLANG_WARN_SUSPICIOUS_MOVE = YES;
				CLANG_WARN_UNREACHABLE_CODE = YES;
				CLANG_WARN__DUPLICATE_METHOD_MATCH = YES;
				"CODE_SIGN_IDENTITY[sdk=iphoneos*]" = "iPhone Developer";
				COPY_PHASE_STRIP = NO;
				DEBUG_INFORMATION_FORMAT = dwarf;
				ENABLE_STRICT_OBJC_MSGSEND = YES;
				ENABLE_TESTABILITY = YES;
				GCC_C_LANGUAGE_STANDARD = gnu99;
				GCC_DYNAMIC_NO_PIC = NO;
				GCC_NO_COMMON_BLOCKS = YES;
				GCC_OPTIMIZATION_LEVEL = 0;
				GCC_PREPROCESSOR_DEFINITIONS = (
					"DEBUG=1",
					"$(inherited)",
				);
				GCC_WARN_64_TO_32_BIT_CONVERSION = YES;
				GCC_WARN_ABOUT_RETURN_TYPE = YES_ERROR;
				GCC_WARN_UNDECLARED_SELECTOR = YES;
				GCC_WARN_UNINITIALIZED_AUTOS = YES_AGGRESSIVE;
				GCC_WARN_UNUSED_FUNCTION = YES;
				GCC_WARN_UNUSED_VARIABLE = YES;
				IPHONEOS_DEPLOYMENT_TARGET = 8.0;
				MTL_ENABLE_DEBUG_INFO = YES;
				ONLY_ACTIVE_ARCH = YES;
				SDKROOT = iphoneos;
				SWIFT_OPTIMIZATION_LEVEL = "-Onone";
				TARGETED_DEVICE_FAMILY = "1,2";
			};
			name = Debug;
		};
		FC84B3BE1D18EFE800251003 /* Release */ = {
			isa = XCBuildConfiguration;
			buildSettings = {
				ALWAYS_SEARCH_USER_PATHS = NO;
				CLANG_ANALYZER_NONNULL = YES;
				CLANG_CXX_LANGUAGE_STANDARD = "gnu++0x";
				CLANG_CXX_LIBRARY = "libc++";
				CLANG_ENABLE_MODULES = YES;
				CLANG_ENABLE_OBJC_ARC = YES;
				CLANG_WARN_BOOL_CONVERSION = YES;
				CLANG_WARN_CONSTANT_CONVERSION = YES;
				CLANG_WARN_DIRECT_OBJC_ISA_USAGE = YES_ERROR;
				CLANG_WARN_EMPTY_BODY = YES;
				CLANG_WARN_ENUM_CONVERSION = YES;
				CLANG_WARN_INFINITE_RECURSION = YES;
				CLANG_WARN_INT_CONVERSION = YES;
				CLANG_WARN_OBJC_ROOT_CLASS = YES_ERROR;
				CLANG_WARN_SUSPICIOUS_MOVE = YES;
				CLANG_WARN_UNREACHABLE_CODE = YES;
				CLANG_WARN__DUPLICATE_METHOD_MATCH = YES;
				"CODE_SIGN_IDENTITY[sdk=iphoneos*]" = "iPhone Developer";
				COPY_PHASE_STRIP = NO;
				DEBUG_INFORMATION_FORMAT = "dwarf-with-dsym";
				ENABLE_NS_ASSERTIONS = NO;
				ENABLE_STRICT_OBJC_MSGSEND = YES;
				GCC_C_LANGUAGE_STANDARD = gnu99;
				GCC_NO_COMMON_BLOCKS = YES;
				GCC_WARN_64_TO_32_BIT_CONVERSION = YES;
				GCC_WARN_ABOUT_RETURN_TYPE = YES_ERROR;
				GCC_WARN_UNDECLARED_SELECTOR = YES;
				GCC_WARN_UNINITIALIZED_AUTOS = YES_AGGRESSIVE;
				GCC_WARN_UNUSED_FUNCTION = YES;
				GCC_WARN_UNUSED_VARIABLE = YES;
				IPHONEOS_DEPLOYMENT_TARGET = 8.0;
				MTL_ENABLE_DEBUG_INFO = NO;
				SDKROOT = iphoneos;
				SWIFT_OPTIMIZATION_LEVEL = "-Owholemodule";
				TARGETED_DEVICE_FAMILY = "1,2";
				VALIDATE_PRODUCT = YES;
			};
			name = Release;
		};
		FC84B3C01D18EFE800251003 /* Debug */ = {
			isa = XCBuildConfiguration;
			buildSettings = {
				ASSETCATALOG_COMPILER_APPICON_NAME = AppIcon;
				ASSETCATALOG_COMPILER_LAUNCHIMAGE_NAME = "Brand Assets";
				CLANG_ENABLE_MODULES = YES;
				CODE_SIGN_IDENTITY = "iPhone Developer";
				"CODE_SIGN_IDENTITY[sdk=iphoneos*]" = "iPhone Developer";
				FRAMEWORK_SEARCH_PATHS = /Users/jon/Desktop;
				INFOPLIST_FILE = EcoMapper/Info.plist;
				IPHONEOS_DEPLOYMENT_TARGET = 8.0;
				LD_RUNPATH_SEARCH_PATHS = "$(inherited) @executable_path/Frameworks";
				PRODUCT_BUNDLE_IDENTIFIER = com.gmail.jonsege.EcoMapper;
				PRODUCT_NAME = "$(TARGET_NAME)";
				PROVISIONING_PROFILE = "";
				SWIFT_OBJC_BRIDGING_HEADER = "EcoMapper/EcoMapper-Bridging-Header.h";
				SWIFT_OPTIMIZATION_LEVEL = "-Onone";
				SWIFT_VERSION = 3.0;
				TARGETED_DEVICE_FAMILY = "1,2";
			};
			name = Debug;
		};
		FC84B3C11D18EFE800251003 /* Release */ = {
			isa = XCBuildConfiguration;
			buildSettings = {
				ASSETCATALOG_COMPILER_APPICON_NAME = AppIcon;
				ASSETCATALOG_COMPILER_LAUNCHIMAGE_NAME = "Brand Assets";
				CLANG_ENABLE_MODULES = YES;
				CODE_SIGN_IDENTITY = "iPhone Developer";
				"CODE_SIGN_IDENTITY[sdk=iphoneos*]" = "iPhone Developer";
				FRAMEWORK_SEARCH_PATHS = /Users/jon/Desktop;
				INFOPLIST_FILE = EcoMapper/Info.plist;
				IPHONEOS_DEPLOYMENT_TARGET = 8.0;
				LD_RUNPATH_SEARCH_PATHS = "$(inherited) @executable_path/Frameworks";
				PRODUCT_BUNDLE_IDENTIFIER = com.gmail.jonsege.EcoMapper;
				PRODUCT_NAME = "$(TARGET_NAME)";
				PROVISIONING_PROFILE = "";
				SWIFT_OBJC_BRIDGING_HEADER = "EcoMapper/EcoMapper-Bridging-Header.h";
				SWIFT_VERSION = 3.0;
				TARGETED_DEVICE_FAMILY = "1,2";
			};
			name = Release;
		};
		FC84B3C31D18EFE800251003 /* Debug */ = {
			isa = XCBuildConfiguration;
			buildSettings = {
				BUNDLE_LOADER = "$(TEST_HOST)";
				INFOPLIST_FILE = EcoMapperTests/Info.plist;
				LD_RUNPATH_SEARCH_PATHS = "$(inherited) @executable_path/Frameworks @loader_path/Frameworks";
				PRODUCT_BUNDLE_IDENTIFIER = com.gmail.jonsege.EcoMapperTests;
				PRODUCT_NAME = "$(TARGET_NAME)";
				SWIFT_VERSION = 3.0;
				TEST_HOST = "$(BUILT_PRODUCTS_DIR)/EcoMapper.app/EcoMapper";
			};
			name = Debug;
		};
		FC84B3C41D18EFE800251003 /* Release */ = {
			isa = XCBuildConfiguration;
			buildSettings = {
				BUNDLE_LOADER = "$(TEST_HOST)";
				INFOPLIST_FILE = EcoMapperTests/Info.plist;
				LD_RUNPATH_SEARCH_PATHS = "$(inherited) @executable_path/Frameworks @loader_path/Frameworks";
				PRODUCT_BUNDLE_IDENTIFIER = com.gmail.jonsege.EcoMapperTests;
				PRODUCT_NAME = "$(TARGET_NAME)";
				SWIFT_VERSION = 3.0;
				TEST_HOST = "$(BUILT_PRODUCTS_DIR)/EcoMapper.app/EcoMapper";
			};
			name = Release;
		};
/* End XCBuildConfiguration section */

/* Begin XCConfigurationList section */
		FC84B39D1D18EFE800251003 /* Build configuration list for PBXProject "EcoMapper" */ = {
			isa = XCConfigurationList;
			buildConfigurations = (
				FC84B3BD1D18EFE800251003 /* Debug */,
				FC84B3BE1D18EFE800251003 /* Release */,
			);
			defaultConfigurationIsVisible = 0;
			defaultConfigurationName = Release;
		};
		FC84B3BF1D18EFE800251003 /* Build configuration list for PBXNativeTarget "EcoMapper" */ = {
			isa = XCConfigurationList;
			buildConfigurations = (
				FC84B3C01D18EFE800251003 /* Debug */,
				FC84B3C11D18EFE800251003 /* Release */,
			);
			defaultConfigurationIsVisible = 0;
			defaultConfigurationName = Release;
		};
		FC84B3C21D18EFE800251003 /* Build configuration list for PBXNativeTarget "EcoMapperTests" */ = {
			isa = XCConfigurationList;
			buildConfigurations = (
				FC84B3C31D18EFE800251003 /* Debug */,
				FC84B3C41D18EFE800251003 /* Release */,
			);
			defaultConfigurationIsVisible = 0;
			defaultConfigurationName = Release;
		};
/* End XCConfigurationList section */
	};
	rootObject = FC84B39A1D18EFE800251003 /* Project object */;
}
